
Microsoft Visual Studio Solution File, Format Version 12.00
# Visual Studio 14
VisualStudioVersion = 14.0.25420.1
MinimumVisualStudioVersion = 10.0.40219.1
Project("{FAE04EC0-301F-11D3-BF4B-00C04F79EFBC}") = "WebApiDemo", "WebApiDemo\WebApiDemo.csproj", "{23854149-2D5F-47F4-A703-B3671D890142}"
EndProject
Project("{FAE04EC0-301F-11D3-BF4B-00C04F79EFBC}") = "TestAPI", "TestAPI\TestAPI\TestAPI.csproj", "{D90862F9-6019-4BDD-9A0E-9EF33B41D297}"
EndProject
Global
	GlobalSection(SolutionConfigurationPlatforms) = preSolution
		Debug|Any CPU = Debug|Any CPU
		Release|Any CPU = Release|Any CPU
	EndGlobalSection
	GlobalSection(ProjectConfigurationPlatforms) = postSolution
		{23854149-2D5F-47F4-A703-B3671D890142}.Debug|Any CPU.ActiveCfg = Debug|Any CPU
		{23854149-2D5F-47F4-A703-B3671D890142}.Debug|Any CPU.Build.0 = Debug|Any CPU
		{23854149-2D5F-47F4-A703-B3671D890142}.Release|Any CPU.ActiveCfg = Release|Any CPU
		{23854149-2D5F-47F4-A703-B3671D890142}.Release|Any CPU.Build.0 = Release|Any CPU
		{D90862F9-6019-4BDD-9A0E-9EF33B41D297}.Debug|Any CPU.ActiveCfg = Debug|Any CPU
		{D90862F9-6019-4BDD-9A0E-9EF33B41D297}.Debug|Any CPU.Build.0 = Debug|Any CPU
		{D90862F9-6019-4BDD-9A0E-9EF33B41D297}.Release|Any CPU.ActiveCfg = Release|Any CPU
		{D90862F9-6019-4BDD-9A0E-9EF33B41D297}.Release|Any CPU.Build.0 = Release|Any CPU
	EndGlobalSection
	GlobalSection(SolutionProperties) = preSolution
		HideSolutionNode = FALSE
	EndGlobalSection
EndGlobal
