
Microsoft Visual Studio Solution File, Format Version 12.00
# Visual Studio 14
VisualStudioVersion = 14.0.25420.1
MinimumVisualStudioVersion = 10.0.40219.1
Project("{FAE04EC0-301F-11D3-BF4B-00C04F79EFBC}") = "WCFServiceEAP", "WCFServiceEAP\WCFServiceEAP.csproj", "{04FA2B63-1E6C-4AA0-94F4-3A33772EB65C}"
EndProject
Project("{FAE04EC0-301F-11D3-BF4B-00C04F79EFBC}") = "TestWCF", "TestWCF\TestWCF.csproj", "{C5892A43-959E-4B1F-AE18-74C88B5D822F}"
EndProject
Global
	GlobalSection(SolutionConfigurationPlatforms) = preSolution
		Debug|Any CPU = Debug|Any CPU
		Release|Any CPU = Release|Any CPU
	EndGlobalSection
	GlobalSection(ProjectConfigurationPlatforms) = postSolution
		{04FA2B63-1E6C-4AA0-94F4-3A33772EB65C}.Debug|Any CPU.ActiveCfg = Debug|Any CPU
		{04FA2B63-1E6C-4AA0-94F4-3A33772EB65C}.Debug|Any CPU.Build.0 = Debug|Any CPU
		{04FA2B63-1E6C-4AA0-94F4-3A33772EB65C}.Release|Any CPU.ActiveCfg = Release|Any CPU
		{04FA2B63-1E6C-4AA0-94F4-3A33772EB65C}.Release|Any CPU.Build.0 = Release|Any CPU
		{C5892A43-959E-4B1F-AE18-74C88B5D822F}.Debug|Any CPU.ActiveCfg = Debug|Any CPU
		{C5892A43-959E-4B1F-AE18-74C88B5D822F}.Debug|Any CPU.Build.0 = Debug|Any CPU
		{C5892A43-959E-4B1F-AE18-74C88B5D822F}.Release|Any CPU.ActiveCfg = Release|Any CPU
		{C5892A43-959E-4B1F-AE18-74C88B5D822F}.Release|Any CPU.Build.0 = Release|Any CPU
	EndGlobalSection
	GlobalSection(SolutionProperties) = preSolution
		HideSolutionNode = FALSE
	EndGlobalSection
EndGlobal
